
Microsoft Visual Studio Solution File, Format Version 12.00
# Visual Studio 15
VisualStudioVersion = 15.0.27703.2018
MinimumVisualStudioVersion = 10.0.40219.1
Project("{FAE04EC0-301F-11D3-BF4B-00C04F79EFBC}") = "ArrayTasks", "ArrayTasks\ArrayTasks.csproj", "{EE2032E7-A083-49B4-A9A7-76811FFF21E3}"
EndProject
Global
	GlobalSection(SolutionConfigurationPlatforms) = preSolution
		Debug|Any CPU = Debug|Any CPU
		Release|Any CPU = Release|Any CPU
	EndGlobalSection
	GlobalSection(ProjectConfigurationPlatforms) = postSolution
		{EE2032E7-A083-49B4-A9A7-76811FFF21E3}.Debug|Any CPU.ActiveCfg = Debug|Any CPU
		{EE2032E7-A083-49B4-A9A7-76811FFF21E3}.Debug|Any CPU.Build.0 = Debug|Any CPU
		{EE2032E7-A083-49B4-A9A7-76811FFF21E3}.Release|Any CPU.ActiveCfg = Release|Any CPU
		{EE2032E7-A083-49B4-A9A7-76811FFF21E3}.Release|Any CPU.Build.0 = Release|Any CPU
	EndGlobalSection
	GlobalSection(SolutionProperties) = preSolution
		HideSolutionNode = FALSE
	EndGlobalSection
	GlobalSection(ExtensibilityGlobals) = postSolution
		SolutionGuid = {B3F2AA7C-E8D3-436A-AF53-618C602BA4CB}
	EndGlobalSection
EndGlobal
